// !$*UTF8*$!
{
	archiveVersion = 1;
	classes = {
	};
	objectVersion = 50;
	objects = {

/* Begin PBXBuildFile section */
		E283AE46252A0AC700BE9D14 /* AppDelegate.swift in Sources */ = {isa = PBXBuildFile; fileRef = E283AE45252A0AC700BE9D14 /* AppDelegate.swift */; };
		E283AE48252A0AC700BE9D14 /* SceneDelegate.swift in Sources */ = {isa = PBXBuildFile; fileRef = E283AE47252A0AC700BE9D14 /* SceneDelegate.swift */; };
		E283AE4A252A0AC700BE9D14 /* ViewController.swift in Sources */ = {isa = PBXBuildFile; fileRef = E283AE49252A0AC700BE9D14 /* ViewController.swift */; };
		E283AE4D252A0AC700BE9D14 /* Main.storyboard in Resources */ = {isa = PBXBuildFile; fileRef = E283AE4B252A0AC700BE9D14 /* Main.storyboard */; };
		E283AE4F252A0AC800BE9D14 /* Assets.xcassets in Resources */ = {isa = PBXBuildFile; fileRef = E283AE4E252A0AC800BE9D14 /* Assets.xcassets */; };
		E283AE52252A0AC800BE9D14 /* LaunchScreen.storyboard in Resources */ = {isa = PBXBuildFile; fileRef = E283AE50252A0AC800BE9D14 /* LaunchScreen.storyboard */; };
		E283AE5D252A0AC800BE9D14 /* animaListTests.swift in Sources */ = {isa = PBXBuildFile; fileRef = E283AE5C252A0AC800BE9D14 /* animaListTests.swift */; };
		E283AE68252A0AC800BE9D14 /* animaListUITests.swift in Sources */ = {isa = PBXBuildFile; fileRef = E283AE67252A0AC800BE9D14 /* animaListUITests.swift */; };
		E283AE79252A0C1B00BE9D14 /* Animal.swift in Sources */ = {isa = PBXBuildFile; fileRef = E283AE78252A0C1B00BE9D14 /* Animal.swift */; };
		E283AE7E252A0E2300BE9D14 /* CustomCell.swift in Sources */ = {isa = PBXBuildFile; fileRef = E283AE7D252A0E2300BE9D14 /* CustomCell.swift */; };
		E283AE84252A18DD00BE9D14 /* AnimalViewController.swift in Sources */ = {isa = PBXBuildFile; fileRef = E283AE83252A18DD00BE9D14 /* AnimalViewController.swift */; };
		E283AE89252A18E700BE9D14 /* Animal.storyboard in Resources */ = {isa = PBXBuildFile; fileRef = E283AE88252A18E700BE9D14 /* Animal.storyboard */; };
/* End PBXBuildFile section */

/* Begin PBXContainerItemProxy section */
		E283AE59252A0AC800BE9D14 /* PBXContainerItemProxy */ = {
			isa = PBXContainerItemProxy;
			containerPortal = E283AE3A252A0AC700BE9D14 /* Project object */;
			proxyType = 1;
			remoteGlobalIDString = E283AE41252A0AC700BE9D14;
			remoteInfo = animaList;
		};
		E283AE64252A0AC800BE9D14 /* PBXContainerItemProxy */ = {
			isa = PBXContainerItemProxy;
			containerPortal = E283AE3A252A0AC700BE9D14 /* Project object */;
			proxyType = 1;
			remoteGlobalIDString = E283AE41252A0AC700BE9D14;
			remoteInfo = animaList;
		};
/* End PBXContainerItemProxy section */

/* Begin PBXFileReference section */
		E283AE42252A0AC700BE9D14 /* animaList.app */ = {isa = PBXFileReference; explicitFileType = wrapper.application; includeInIndex = 0; path = animaList.app; sourceTree = BUILT_PRODUCTS_DIR; };
		E283AE45252A0AC700BE9D14 /* AppDelegate.swift */ = {isa = PBXFileReference; lastKnownFileType = sourcecode.swift; path = AppDelegate.swift; sourceTree = "<group>"; };
		E283AE47252A0AC700BE9D14 /* SceneDelegate.swift */ = {isa = PBXFileReference; lastKnownFileType = sourcecode.swift; path = SceneDelegate.swift; sourceTree = "<group>"; };
		E283AE49252A0AC700BE9D14 /* ViewController.swift */ = {isa = PBXFileReference; lastKnownFileType = sourcecode.swift; path = ViewController.swift; sourceTree = "<group>"; };
		E283AE4C252A0AC700BE9D14 /* Base */ = {isa = PBXFileReference; lastKnownFileType = file.storyboard; name = Base; path = Base.lproj/Main.storyboard; sourceTree = "<group>"; };
		E283AE4E252A0AC800BE9D14 /* Assets.xcassets */ = {isa = PBXFileReference; lastKnownFileType = folder.assetcatalog; path = Assets.xcassets; sourceTree = "<group>"; };
		E283AE51252A0AC800BE9D14 /* Base */ = {isa = PBXFileReference; lastKnownFileType = file.storyboard; name = Base; path = Base.lproj/LaunchScreen.storyboard; sourceTree = "<group>"; };
		E283AE53252A0AC800BE9D14 /* Info.plist */ = {isa = PBXFileReference; lastKnownFileType = text.plist.xml; path = Info.plist; sourceTree = "<group>"; };
		E283AE58252A0AC800BE9D14 /* animaListTests.xctest */ = {isa = PBXFileReference; explicitFileType = wrapper.cfbundle; includeInIndex = 0; path = animaListTests.xctest; sourceTree = BUILT_PRODUCTS_DIR; };
		E283AE5C252A0AC800BE9D14 /* animaListTests.swift */ = {isa = PBXFileReference; lastKnownFileType = sourcecode.swift; path = animaListTests.swift; sourceTree = "<group>"; };
		E283AE5E252A0AC800BE9D14 /* Info.plist */ = {isa = PBXFileReference; lastKnownFileType = text.plist.xml; path = Info.plist; sourceTree = "<group>"; };
		E283AE63252A0AC800BE9D14 /* animaListUITests.xctest */ = {isa = PBXFileReference; explicitFileType = wrapper.cfbundle; includeInIndex = 0; path = animaListUITests.xctest; sourceTree = BUILT_PRODUCTS_DIR; };
		E283AE67252A0AC800BE9D14 /* animaListUITests.swift */ = {isa = PBXFileReference; lastKnownFileType = sourcecode.swift; path = animaListUITests.swift; sourceTree = "<group>"; };
		E283AE69252A0AC800BE9D14 /* Info.plist */ = {isa = PBXFileReference; lastKnownFileType = text.plist.xml; path = Info.plist; sourceTree = "<group>"; };
		E283AE78252A0C1B00BE9D14 /* Animal.swift */ = {isa = PBXFileReference; lastKnownFileType = sourcecode.swift; path = Animal.swift; sourceTree = "<group>"; };
		E283AE7D252A0E2300BE9D14 /* CustomCell.swift */ = {isa = PBXFileReference; lastKnownFileType = sourcecode.swift; path = CustomCell.swift; sourceTree = "<group>"; };
		E283AE83252A18DD00BE9D14 /* AnimalViewController.swift */ = {isa = PBXFileReference; lastKnownFileType = sourcecode.swift; path = AnimalViewController.swift; sourceTree = "<group>"; };
		E283AE88252A18E700BE9D14 /* Animal.storyboard */ = {isa = PBXFileReference; lastKnownFileType = file.storyboard; path = Animal.storyboard; sourceTree = "<group>"; };
/* End PBXFileReference section */

/* Begin PBXFrameworksBuildPhase section */
		E283AE3F252A0AC700BE9D14 /* Frameworks */ = {
			isa = PBXFrameworksBuildPhase;
			buildActionMask = 2147483647;
			files = (
			);
			runOnlyForDeploymentPostprocessing = 0;
		};
		E283AE55252A0AC800BE9D14 /* Frameworks */ = {
			isa = PBXFrameworksBuildPhase;
			buildActionMask = 2147483647;
			files = (
			);
			runOnlyForDeploymentPostprocessing = 0;
		};
		E283AE60252A0AC800BE9D14 /* Frameworks */ = {
			isa = PBXFrameworksBuildPhase;
			buildActionMask = 2147483647;
			files = (
			);
			runOnlyForDeploymentPostprocessing = 0;
		};
/* End PBXFrameworksBuildPhase section */

/* Begin PBXGroup section */
		E283AE39252A0AC700BE9D14 = {
			isa = PBXGroup;
			children = (
				E283AE44252A0AC700BE9D14 /* animaList */,
				E283AE5B252A0AC800BE9D14 /* animaListTests */,
				E283AE66252A0AC800BE9D14 /* animaListUITests */,
				E283AE43252A0AC700BE9D14 /* Products */,
			);
			sourceTree = "<group>";
		};
		E283AE43252A0AC700BE9D14 /* Products */ = {
			isa = PBXGroup;
			children = (
				E283AE42252A0AC700BE9D14 /* animaList.app */,
				E283AE58252A0AC800BE9D14 /* animaListTests.xctest */,
				E283AE63252A0AC800BE9D14 /* animaListUITests.xctest */,
			);
			name = Products;
			sourceTree = "<group>";
		};
		E283AE44252A0AC700BE9D14 /* animaList */ = {
			isa = PBXGroup;
			children = (
				E283AE82252A18AA00BE9D14 /* detailAnimal */,
				E283AE45252A0AC700BE9D14 /* AppDelegate.swift */,
				E283AE47252A0AC700BE9D14 /* SceneDelegate.swift */,
				E283AE49252A0AC700BE9D14 /* ViewController.swift */,
				E283AE4B252A0AC700BE9D14 /* Main.storyboard */,
				E283AE7D252A0E2300BE9D14 /* CustomCell.swift */,
				E283AE78252A0C1B00BE9D14 /* Animal.swift */,
				E283AE4E252A0AC800BE9D14 /* Assets.xcassets */,
				E283AE50252A0AC800BE9D14 /* LaunchScreen.storyboard */,
				E283AE53252A0AC800BE9D14 /* Info.plist */,
			);
			path = animaList;
			sourceTree = "<group>";
		};
		E283AE5B252A0AC800BE9D14 /* animaListTests */ = {
			isa = PBXGroup;
			children = (
				E283AE5C252A0AC800BE9D14 /* animaListTests.swift */,
				E283AE5E252A0AC800BE9D14 /* Info.plist */,
			);
			path = animaListTests;
			sourceTree = "<group>";
		};
		E283AE66252A0AC800BE9D14 /* animaListUITests */ = {
			isa = PBXGroup;
			children = (
				E283AE67252A0AC800BE9D14 /* animaListUITests.swift */,
				E283AE69252A0AC800BE9D14 /* Info.plist */,
			);
			path = animaListUITests;
			sourceTree = "<group>";
		};
		E283AE82252A18AA00BE9D14 /* detailAnimal */ = {
			isa = PBXGroup;
			children = (
				E283AE83252A18DD00BE9D14 /* AnimalViewController.swift */,
				E283AE88252A18E700BE9D14 /* Animal.storyboard */,
			);
			path = detailAnimal;
			sourceTree = "<group>";
		};
/* End PBXGroup section */

/* Begin PBXNativeTarget section */
		E283AE41252A0AC700BE9D14 /* animaList */ = {
			isa = PBXNativeTarget;
			buildConfigurationList = E283AE6C252A0AC800BE9D14 /* Build configuration list for PBXNativeTarget "animaList" */;
			buildPhases = (
				E283AE3E252A0AC700BE9D14 /* Sources */,
				E283AE3F252A0AC700BE9D14 /* Frameworks */,
				E283AE40252A0AC700BE9D14 /* Resources */,
			);
			buildRules = (
			);
			dependencies = (
			);
			name = animaList;
			productName = animaList;
			productReference = E283AE42252A0AC700BE9D14 /* animaList.app */;
			productType = "com.apple.product-type.application";
		};
		E283AE57252A0AC800BE9D14 /* animaListTests */ = {
			isa = PBXNativeTarget;
			buildConfigurationList = E283AE6F252A0AC800BE9D14 /* Build configuration list for PBXNativeTarget "animaListTests" */;
			buildPhases = (
				E283AE54252A0AC800BE9D14 /* Sources */,
				E283AE55252A0AC800BE9D14 /* Frameworks */,
				E283AE56252A0AC800BE9D14 /* Resources */,
			);
			buildRules = (
			);
			dependencies = (
				E283AE5A252A0AC800BE9D14 /* PBXTargetDependency */,
			);
			name = animaListTests;
			productName = animaListTests;
			productReference = E283AE58252A0AC800BE9D14 /* animaListTests.xctest */;
			productType = "com.apple.product-type.bundle.unit-test";
		};
		E283AE62252A0AC800BE9D14 /* animaListUITests */ = {
			isa = PBXNativeTarget;
			buildConfigurationList = E283AE72252A0AC800BE9D14 /* Build configuration list for PBXNativeTarget "animaListUITests" */;
			buildPhases = (
				E283AE5F252A0AC800BE9D14 /* Sources */,
				E283AE60252A0AC800BE9D14 /* Frameworks */,
				E283AE61252A0AC800BE9D14 /* Resources */,
			);
			buildRules = (
			);
			dependencies = (
				E283AE65252A0AC800BE9D14 /* PBXTargetDependency */,
			);
			name = animaListUITests;
			productName = animaListUITests;
			productReference = E283AE63252A0AC800BE9D14 /* animaListUITests.xctest */;
			productType = "com.apple.product-type.bundle.ui-testing";
		};
/* End PBXNativeTarget section */

/* Begin PBXProject section */
		E283AE3A252A0AC700BE9D14 /* Project object */ = {
			isa = PBXProject;
			attributes = {
				LastSwiftUpdateCheck = 1200;
				LastUpgradeCheck = 1200;
				TargetAttributes = {
					E283AE41252A0AC700BE9D14 = {
						CreatedOnToolsVersion = 12.0.1;
					};
					E283AE57252A0AC800BE9D14 = {
						CreatedOnToolsVersion = 12.0.1;
						TestTargetID = E283AE41252A0AC700BE9D14;
					};
					E283AE62252A0AC800BE9D14 = {
						CreatedOnToolsVersion = 12.0.1;
						TestTargetID = E283AE41252A0AC700BE9D14;
					};
				};
			};
			buildConfigurationList = E283AE3D252A0AC700BE9D14 /* Build configuration list for PBXProject "animaList" */;
			compatibilityVersion = "Xcode 9.3";
			developmentRegion = en;
			hasScannedForEncodings = 0;
			knownRegions = (
				en,
				Base,
			);
			mainGroup = E283AE39252A0AC700BE9D14;
			productRefGroup = E283AE43252A0AC700BE9D14 /* Products */;
			projectDirPath = "";
			projectRoot = "";
			targets = (
				E283AE41252A0AC700BE9D14 /* animaList */,
				E283AE57252A0AC800BE9D14 /* animaListTests */,
				E283AE62252A0AC800BE9D14 /* animaListUITests */,
			);
		};
/* End PBXProject section */

/* Begin PBXResourcesBuildPhase section */
		E283AE40252A0AC700BE9D14 /* Resources */ = {
			isa = PBXResourcesBuildPhase;
			buildActionMask = 2147483647;
			files = (
				E283AE52252A0AC800BE9D14 /* LaunchScreen.storyboard in Resources */,
				E283AE4F252A0AC800BE9D14 /* Assets.xcassets in Resources */,
				E283AE89252A18E700BE9D14 /* Animal.storyboard in Resources */,
				E283AE4D252A0AC700BE9D14 /* Main.storyboard in Resources */,
			);
			runOnlyForDeploymentPostprocessing = 0;
		};
		E283AE56252A0AC800BE9D14 /* Resources */ = {
			isa = PBXResourcesBuildPhase;
			buildActionMask = 2147483647;
			files = (
			);
			runOnlyForDeploymentPostprocessing = 0;
		};
		E283AE61252A0AC800BE9D14 /* Resources */ = {
			isa = PBXResourcesBuildPhase;
			buildActionMask = 2147483647;
			files = (
			);
			runOnlyForDeploymentPostprocessing = 0;
		};
/* End PBXResourcesBuildPhase section */

/* Begin PBXSourcesBuildPhase section */
		E283AE3E252A0AC700BE9D14 /* Sources */ = {
			isa = PBXSourcesBuildPhase;
			buildActionMask = 2147483647;
			files = (
				E283AE4A252A0AC700BE9D14 /* ViewController.swift in Sources */,
				E283AE79252A0C1B00BE9D14 /* Animal.swift in Sources */,
				E283AE7E252A0E2300BE9D14 /* CustomCell.swift in Sources */,
				E283AE46252A0AC700BE9D14 /* AppDelegate.swift in Sources */,
				E283AE84252A18DD00BE9D14 /* AnimalViewController.swift in Sources */,
				E283AE48252A0AC700BE9D14 /* SceneDelegate.swift in Sources */,
			);
			runOnlyForDeploymentPostprocessing = 0;
		};
		E283AE54252A0AC800BE9D14 /* Sources */ = {
			isa = PBXSourcesBuildPhase;
			buildActionMask = 2147483647;
			files = (
				E283AE5D252A0AC800BE9D14 /* animaListTests.swift in Sources */,
			);
			runOnlyForDeploymentPostprocessing = 0;
		};
		E283AE5F252A0AC800BE9D14 /* Sources */ = {
			isa = PBXSourcesBuildPhase;
			buildActionMask = 2147483647;
			files = (
				E283AE68252A0AC800BE9D14 /* animaListUITests.swift in Sources */,
			);
			runOnlyForDeploymentPostprocessing = 0;
		};
/* End PBXSourcesBuildPhase section */

/* Begin PBXTargetDependency section */
		E283AE5A252A0AC800BE9D14 /* PBXTargetDependency */ = {
			isa = PBXTargetDependency;
			target = E283AE41252A0AC700BE9D14 /* animaList */;
			targetProxy = E283AE59252A0AC800BE9D14 /* PBXContainerItemProxy */;
		};
		E283AE65252A0AC800BE9D14 /* PBXTargetDependency */ = {
			isa = PBXTargetDependency;
			target = E283AE41252A0AC700BE9D14 /* animaList */;
			targetProxy = E283AE64252A0AC800BE9D14 /* PBXContainerItemProxy */;
		};
/* End PBXTargetDependency section */

/* Begin PBXVariantGroup section */
		E283AE4B252A0AC700BE9D14 /* Main.storyboard */ = {
			isa = PBXVariantGroup;
			children = (
				E283AE4C252A0AC700BE9D14 /* Base */,
			);
			name = Main.storyboard;
			sourceTree = "<group>";
		};
		E283AE50252A0AC800BE9D14 /* LaunchScreen.storyboard */ = {
			isa = PBXVariantGroup;
			children = (
				E283AE51252A0AC800BE9D14 /* Base */,
			);
			name = LaunchScreen.storyboard;
			sourceTree = "<group>";
		};
/* End PBXVariantGroup section */

/* Begin XCBuildConfiguration section */
		E283AE6A252A0AC800BE9D14 /* Debug */ = {
			isa = XCBuildConfiguration;
			buildSettings = {
				ALWAYS_SEARCH_USER_PATHS = NO;
				CLANG_ANALYZER_NONNULL = YES;
				CLANG_ANALYZER_NUMBER_OBJECT_CONVERSION = YES_AGGRESSIVE;
				CLANG_CXX_LANGUAGE_STANDARD = "gnu++14";
				CLANG_CXX_LIBRARY = "libc++";
				CLANG_ENABLE_MODULES = YES;
				CLANG_ENABLE_OBJC_ARC = YES;
				CLANG_ENABLE_OBJC_WEAK = YES;
				CLANG_WARN_BLOCK_CAPTURE_AUTORELEASING = YES;
				CLANG_WARN_BOOL_CONVERSION = YES;
				CLANG_WARN_COMMA = YES;
				CLANG_WARN_CONSTANT_CONVERSION = YES;
				CLANG_WARN_DEPRECATED_OBJC_IMPLEMENTATIONS = YES;
				CLANG_WARN_DIRECT_OBJC_ISA_USAGE = YES_ERROR;
				CLANG_WARN_DOCUMENTATION_COMMENTS = YES;
				CLANG_WARN_EMPTY_BODY = YES;
				CLANG_WARN_ENUM_CONVERSION = YES;
				CLANG_WARN_INFINITE_RECURSION = YES;
				CLANG_WARN_INT_CONVERSION = YES;
				CLANG_WARN_NON_LITERAL_NULL_CONVERSION = YES;
				CLANG_WARN_OBJC_IMPLICIT_RETAIN_SELF = YES;
				CLANG_WARN_OBJC_LITERAL_CONVERSION = YES;
				CLANG_WARN_OBJC_ROOT_CLASS = YES_ERROR;
				CLANG_WARN_QUOTED_INCLUDE_IN_FRAMEWORK_HEADER = YES;
				CLANG_WARN_RANGE_LOOP_ANALYSIS = YES;
				CLANG_WARN_STRICT_PROTOTYPES = YES;
				CLANG_WARN_SUSPICIOUS_MOVE = YES;
				CLANG_WARN_UNGUARDED_AVAILABILITY = YES_AGGRESSIVE;
				CLANG_WARN_UNREACHABLE_CODE = YES;
				CLANG_WARN__DUPLICATE_METHOD_MATCH = YES;
				COPY_PHASE_STRIP = NO;
				DEBUG_INFORMATION_FORMAT = dwarf;
				ENABLE_STRICT_OBJC_MSGSEND = YES;
				ENABLE_TESTABILITY = YES;
				GCC_C_LANGUAGE_STANDARD = gnu11;
				GCC_DYNAMIC_NO_PIC = NO;
				GCC_NO_COMMON_BLOCKS = YES;
				GCC_OPTIMIZATION_LEVEL = 0;
				GCC_PREPROCESSOR_DEFINITIONS = (
					"DEBUG=1",
					"$(inherited)",
				);
				GCC_WARN_64_TO_32_BIT_CONVERSION = YES;
				GCC_WARN_ABOUT_RETURN_TYPE = YES_ERROR;
				GCC_WARN_UNDECLARED_SELECTOR = YES;
				GCC_WARN_UNINITIALIZED_AUTOS = YES_AGGRESSIVE;
				GCC_WARN_UNUSED_FUNCTION = YES;
				GCC_WARN_UNUSED_VARIABLE = YES;
				IPHONEOS_DEPLOYMENT_TARGET = 14.0;
				MTL_ENABLE_DEBUG_INFO = INCLUDE_SOURCE;
				MTL_FAST_MATH = YES;
				ONLY_ACTIVE_ARCH = YES;
				SDKROOT = iphoneos;
				SWIFT_ACTIVE_COMPILATION_CONDITIONS = DEBUG;
				SWIFT_OPTIMIZATION_LEVEL = "-Onone";
			};
			name = Debug;
		};
		E283AE6B252A0AC800BE9D14 /* Release */ = {
			isa = XCBuildConfiguration;
			buildSettings = {
				ALWAYS_SEARCH_USER_PATHS = NO;
				CLANG_ANALYZER_NONNULL = YES;
				CLANG_ANALYZER_NUMBER_OBJECT_CONVERSION = YES_AGGRESSIVE;
				CLANG_CXX_LANGUAGE_STANDARD = "gnu++14";
				CLANG_CXX_LIBRARY = "libc++";
				CLANG_ENABLE_MODULES = YES;
				CLANG_ENABLE_OBJC_ARC = YES;
				CLANG_ENABLE_OBJC_WEAK = YES;
				CLANG_WARN_BLOCK_CAPTURE_AUTORELEASING = YES;
				CLANG_WARN_BOOL_CONVERSION = YES;
				CLANG_WARN_COMMA = YES;
				CLANG_WARN_CONSTANT_CONVERSION = YES;
				CLANG_WARN_DEPRECATED_OBJC_IMPLEMENTATIONS = YES;
				CLANG_WARN_DIRECT_OBJC_ISA_USAGE = YES_ERROR;
				CLANG_WARN_DOCUMENTATION_COMMENTS = YES;
				CLANG_WARN_EMPTY_BODY = YES;
				CLANG_WARN_ENUM_CONVERSION = YES;
				CLANG_WARN_INFINITE_RECURSION = YES;
				CLANG_WARN_INT_CONVERSION = YES;
				CLANG_WARN_NON_LITERAL_NULL_CONVERSION = YES;
				CLANG_WARN_OBJC_IMPLICIT_RETAIN_SELF = YES;
				CLANG_WARN_OBJC_LITERAL_CONVERSION = YES;
				CLANG_WARN_OBJC_ROOT_CLASS = YES_ERROR;
				CLANG_WARN_QUOTED_INCLUDE_IN_FRAMEWORK_HEADER = YES;
				CLANG_WARN_RANGE_LOOP_ANALYSIS = YES;
				CLANG_WARN_STRICT_PROTOTYPES = YES;
				CLANG_WARN_SUSPICIOUS_MOVE = YES;
				CLANG_WARN_UNGUARDED_AVAILABILITY = YES_AGGRESSIVE;
				CLANG_WARN_UNREACHABLE_CODE = YES;
				CLANG_WARN__DUPLICATE_METHOD_MATCH = YES;
				COPY_PHASE_STRIP = NO;
				DEBUG_INFORMATION_FORMAT = "dwarf-with-dsym";
				ENABLE_NS_ASSERTIONS = NO;
				ENABLE_STRICT_OBJC_MSGSEND = YES;
				GCC_C_LANGUAGE_STANDARD = gnu11;
				GCC_NO_COMMON_BLOCKS = YES;
				GCC_WARN_64_TO_32_BIT_CONVERSION = YES;
				GCC_WARN_ABOUT_RETURN_TYPE = YES_ERROR;
				GCC_WARN_UNDECLARED_SELECTOR = YES;
				GCC_WARN_UNINITIALIZED_AUTOS = YES_AGGRESSIVE;
				GCC_WARN_UNUSED_FUNCTION = YES;
				GCC_WARN_UNUSED_VARIABLE = YES;
				IPHONEOS_DEPLOYMENT_TARGET = 14.0;
				MTL_ENABLE_DEBUG_INFO = NO;
				MTL_FAST_MATH = YES;
				SDKROOT = iphoneos;
				SWIFT_COMPILATION_MODE = wholemodule;
				SWIFT_OPTIMIZATION_LEVEL = "-O";
				VALIDATE_PRODUCT = YES;
			};
			name = Release;
		};
		E283AE6D252A0AC800BE9D14 /* Debug */ = {
			isa = XCBuildConfiguration;
			buildSettings = {
				ASSETCATALOG_COMPILER_APPICON_NAME = AppIcon;
				ASSETCATALOG_COMPILER_GLOBAL_ACCENT_COLOR_NAME = AccentColor;
				CODE_SIGN_STYLE = Automatic;
				INFOPLIST_FILE = animaList/Info.plist;
				LD_RUNPATH_SEARCH_PATHS = (
					"$(inherited)",
					"@executable_path/Frameworks",
				);
				PRODUCT_BUNDLE_IDENTIFIER = com.nam.animaList;
				PRODUCT_NAME = "$(TARGET_NAME)";
				SWIFT_VERSION = 5.0;
				TARGETED_DEVICE_FAMILY = "1,2";
			};
			name = Debug;
		};
		E283AE6E252A0AC800BE9D14 /* Release */ = {
			isa = XCBuildConfiguration;
			buildSettings = {
				ASSETCATALOG_COMPILER_APPICON_NAME = AppIcon;
				ASSETCATALOG_COMPILER_GLOBAL_ACCENT_COLOR_NAME = AccentColor;
				CODE_SIGN_STYLE = Automatic;
				INFOPLIST_FILE = animaList/Info.plist;
				LD_RUNPATH_SEARCH_PATHS = (
					"$(inherited)",
					"@executable_path/Frameworks",
				);
				PRODUCT_BUNDLE_IDENTIFIER = com.nam.animaList;
				PRODUCT_NAME = "$(TARGET_NAME)";
				SWIFT_VERSION = 5.0;
				TARGETED_DEVICE_FAMILY = "1,2";
			};
			name = Release;
		};
		E283AE70252A0AC800BE9D14 /* Debug */ = {
			isa = XCBuildConfiguration;
			buildSettings = {
				ALWAYS_EMBED_SWIFT_STANDARD_LIBRARIES = YES;
				BUNDLE_LOADER = "$(TEST_HOST)";
				CODE_SIGN_STYLE = Automatic;
				INFOPLIST_FILE = animaListTests/Info.plist;
				IPHONEOS_DEPLOYMENT_TARGET = 14.0;
				LD_RUNPATH_SEARCH_PATHS = (
					"$(inherited)",
					"@executable_path/Frameworks",
					"@loader_path/Frameworks",
				);
				PRODUCT_BUNDLE_IDENTIFIER = com.nam.animaListTests;
				PRODUCT_NAME = "$(TARGET_NAME)";
				SWIFT_VERSION = 5.0;
				TARGETED_DEVICE_FAMILY = "1,2";
				TEST_HOST = "$(BUILT_PRODUCTS_DIR)/animaList.app/animaList";
			};
			name = Debug;
		};
		E283AE71252A0AC800BE9D14 /* Release */ = {
			isa = XCBuildConfiguration;
			buildSettings = {
				ALWAYS_EMBED_SWIFT_STANDARD_LIBRARIES = YES;
				BUNDLE_LOADER = "$(TEST_HOST)";
				CODE_SIGN_STYLE = Automatic;
				INFOPLIST_FILE = animaListTests/Info.plist;
				IPHONEOS_DEPLOYMENT_TARGET = 14.0;
				LD_RUNPATH_SEARCH_PATHS = (
					"$(inherited)",
					"@executable_path/Frameworks",
					"@loader_path/Frameworks",
				);
				PRODUCT_BUNDLE_IDENTIFIER = com.nam.animaListTests;
				PRODUCT_NAME = "$(TARGET_NAME)";
				SWIFT_VERSION = 5.0;
				TARGETED_DEVICE_FAMILY = "1,2";
				TEST_HOST = "$(BUILT_PRODUCTS_DIR)/animaList.app/animaList";
			};
			name = Release;
		};
		E283AE73252A0AC800BE9D14 /* Debug */ = {
			isa = XCBuildConfiguration;
			buildSettings = {
				ALWAYS_EMBED_SWIFT_STANDARD_LIBRARIES = YES;
				CODE_SIGN_STYLE = Automatic;
				INFOPLIST_FILE = animaListUITests/Info.plist;
				LD_RUNPATH_SEARCH_PATHS = (
					"$(inherited)",
					"@executable_path/Frameworks",
					"@loader_path/Frameworks",
				);
				PRODUCT_BUNDLE_IDENTIFIER = com.nam.animaListUITests;
				PRODUCT_NAME = "$(TARGET_NAME)";
				SWIFT_VERSION = 5.0;
				TARGETED_DEVICE_FAMILY = "1,2";
				TEST_TARGET_NAME = animaList;
			};
			name = Debug;
		};
		E283AE74252A0AC800BE9D14 /* Release */ = {
			isa = XCBuildConfiguration;
			buildSettings = {
				ALWAYS_EMBED_SWIFT_STANDARD_LIBRARIES = YES;
				CODE_SIGN_STYLE = Automatic;
				INFOPLIST_FILE = animaListUITests/Info.plist;
				LD_RUNPATH_SEARCH_PATHS = (
					"$(inherited)",
					"@executable_path/Frameworks",
					"@loader_path/Frameworks",
				);
				PRODUCT_BUNDLE_IDENTIFIER = com.nam.animaListUITests;
				PRODUCT_NAME = "$(TARGET_NAME)";
				SWIFT_VERSION = 5.0;
				TARGETED_DEVICE_FAMILY = "1,2";
				TEST_TARGET_NAME = animaList;
			};
			name = Release;
		};
/* End XCBuildConfiguration section */

/* Begin XCConfigurationList section */
		E283AE3D252A0AC700BE9D14 /* Build configuration list for PBXProject "animaList" */ = {
			isa = XCConfigurationList;
			buildConfigurations = (
				E283AE6A252A0AC800BE9D14 /* Debug */,
				E283AE6B252A0AC800BE9D14 /* Release */,
			);
			defaultConfigurationIsVisible = 0;
			defaultConfigurationName = Release;
		};
		E283AE6C252A0AC800BE9D14 /* Build configuration list for PBXNativeTarget "animaList" */ = {
			isa = XCConfigurationList;
			buildConfigurations = (
				E283AE6D252A0AC800BE9D14 /* Debug */,
				E283AE6E252A0AC800BE9D14 /* Release */,
			);
			defaultConfigurationIsVisible = 0;
			defaultConfigurationName = Release;
		};
		E283AE6F252A0AC800BE9D14 /* Build configuration list for PBXNativeTarget "animaListTests" */ = {
			isa = XCConfigurationList;
			buildConfigurations = (
				E283AE70252A0AC800BE9D14 /* Debug */,
				E283AE71252A0AC800BE9D14 /* Release */,
			);
			defaultConfigurationIsVisible = 0;
			defaultConfigurationName = Release;
		};
		E283AE72252A0AC800BE9D14 /* Build configuration list for PBXNativeTarget "animaListUITests" */ = {
			isa = XCConfigurationList;
			buildConfigurations = (
				E283AE73252A0AC800BE9D14 /* Debug */,
				E283AE74252A0AC800BE9D14 /* Release */,
			);
			defaultConfigurationIsVisible = 0;
			defaultConfigurationName = Release;
		};
/* End XCConfigurationList section */
	};
	rootObject = E283AE3A252A0AC700BE9D14 /* Project object */;
}
